
Microsoft Visual Studio Solution File, Format Version 12.00
# Visual Studio Version 16
VisualStudioVersion = 16.0.30114.105
MinimumVisualStudioVersion = 10.0.40219.1
Project("{2150E333-8FDC-42A3-9474-1A3956D46DE8}") = "src", "src", "{976FA4E7-9332-464C-9D82-8188B3A35D25}"
EndProject
Project("{FAE04EC0-301F-11D3-BF4B-00C04F79EFBC}") = "EventsApi", "src\Events.Api\EventsApi.csproj", "{533EB110-768C-4B0A-8A35-47D2703F95F0}"
EndProject
Global
	GlobalSection(SolutionConfigurationPlatforms) = preSolution
		Debug|Any CPU = Debug|Any CPU
		Release|Any CPU = Release|Any CPU
	EndGlobalSection
	GlobalSection(SolutionProperties) = preSolution
		HideSolutionNode = FALSE
	EndGlobalSection
	GlobalSection(ProjectConfigurationPlatforms) = postSolution
		{533EB110-768C-4B0A-8A35-47D2703F95F0}.Debug|Any CPU.ActiveCfg = Debug|Any CPU
		{533EB110-768C-4B0A-8A35-47D2703F95F0}.Debug|Any CPU.Build.0 = Debug|Any CPU
		{533EB110-768C-4B0A-8A35-47D2703F95F0}.Release|Any CPU.ActiveCfg = Release|Any CPU
		{533EB110-768C-4B0A-8A35-47D2703F95F0}.Release|Any CPU.Build.0 = Release|Any CPU
	EndGlobalSection
	GlobalSection(NestedProjects) = preSolution
		{533EB110-768C-4B0A-8A35-47D2703F95F0} = {976FA4E7-9332-464C-9D82-8188B3A35D25}
	EndGlobalSection
EndGlobal
